// !$*UTF8*$!
{
	archiveVersion = 1;
	classes = {
	};
	objectVersion = 48;
	objects = {

/* Begin PBXBuildFile section */
		D97E1D0521A43FDA00A5A8E2 /* DataModel.xcdatamodeld in Sources */ = {isa = PBXBuildFile; fileRef = D97E1D0321A43FDA00A5A8E2 /* DataModel.xcdatamodeld */; };
		D9DC116721A855C80071D485 /* CategoryViewController.swift in Sources */ = {isa = PBXBuildFile; fileRef = D9DC116621A855C80071D485 /* CategoryViewController.swift */; };
		D9F6115D219B0E3200D10A09 /* AppDelegate.swift in Sources */ = {isa = PBXBuildFile; fileRef = D9F6115C219B0E3200D10A09 /* AppDelegate.swift */; };
		D9F6115F219B0E3200D10A09 /* TodoListViewController.swift in Sources */ = {isa = PBXBuildFile; fileRef = D9F6115E219B0E3200D10A09 /* TodoListViewController.swift */; };
		D9F61162219B0E3200D10A09 /* Main.storyboard in Resources */ = {isa = PBXBuildFile; fileRef = D9F61160219B0E3200D10A09 /* Main.storyboard */; };
		D9F61164219B0E3200D10A09 /* Assets.xcassets in Resources */ = {isa = PBXBuildFile; fileRef = D9F61163219B0E3200D10A09 /* Assets.xcassets */; };
		D9F61167219B0E3200D10A09 /* LaunchScreen.storyboard in Resources */ = {isa = PBXBuildFile; fileRef = D9F61165219B0E3200D10A09 /* LaunchScreen.storyboard */; };
/* End PBXBuildFile section */

/* Begin PBXFileReference section */
		D97E1D0421A43FDA00A5A8E2 /* DataModel.xcdatamodel */ = {isa = PBXFileReference; lastKnownFileType = wrapper.xcdatamodel; path = DataModel.xcdatamodel; sourceTree = "<group>"; };
		D9DC116621A855C80071D485 /* CategoryViewController.swift */ = {isa = PBXFileReference; lastKnownFileType = sourcecode.swift; path = CategoryViewController.swift; sourceTree = "<group>"; };
		D9F61159219B0E3200D10A09 /* Todoey.app */ = {isa = PBXFileReference; explicitFileType = wrapper.application; includeInIndex = 0; path = Todoey.app; sourceTree = BUILT_PRODUCTS_DIR; };
		D9F6115C219B0E3200D10A09 /* AppDelegate.swift */ = {isa = PBXFileReference; lastKnownFileType = sourcecode.swift; path = AppDelegate.swift; sourceTree = "<group>"; };
		D9F6115E219B0E3200D10A09 /* TodoListViewController.swift */ = {isa = PBXFileReference; lastKnownFileType = sourcecode.swift; path = TodoListViewController.swift; sourceTree = "<group>"; };
		D9F61161219B0E3200D10A09 /* Base */ = {isa = PBXFileReference; lastKnownFileType = file.storyboard; name = Base; path = Base.lproj/Main.storyboard; sourceTree = "<group>"; };
		D9F61163219B0E3200D10A09 /* Assets.xcassets */ = {isa = PBXFileReference; lastKnownFileType = folder.assetcatalog; path = Assets.xcassets; sourceTree = "<group>"; };
		D9F61166219B0E3200D10A09 /* Base */ = {isa = PBXFileReference; lastKnownFileType = file.storyboard; name = Base; path = Base.lproj/LaunchScreen.storyboard; sourceTree = "<group>"; };
		D9F61168219B0E3200D10A09 /* Info.plist */ = {isa = PBXFileReference; lastKnownFileType = text.plist.xml; path = Info.plist; sourceTree = "<group>"; };
/* End PBXFileReference section */

/* Begin PBXFrameworksBuildPhase section */
		D9F61156219B0E3200D10A09 /* Frameworks */ = {
			isa = PBXFrameworksBuildPhase;
			buildActionMask = 2147483647;
			files = (
			);
			runOnlyForDeploymentPostprocessing = 0;
		};
/* End PBXFrameworksBuildPhase section */

/* Begin PBXGroup section */
		D9C1ECF621A1A35B00FFA698 /* Data Model */ = {
			isa = PBXGroup;
			children = (
				D97E1D0321A43FDA00A5A8E2 /* DataModel.xcdatamodeld */,
			);
			name = "Data Model";
			path = "New Group";
			sourceTree = "<group>";
		};
		D9C1ECF721A1ADD200FFA698 /* Controllers */ = {
			isa = PBXGroup;
			children = (
				D9DC116621A855C80071D485 /* CategoryViewController.swift */,
				D9F6115E219B0E3200D10A09 /* TodoListViewController.swift */,
			);
			path = Controllers;
			sourceTree = "<group>";
		};
		D9C1ECF821A1AE1B00FFA698 /* Views */ = {
			isa = PBXGroup;
			children = (
				D9F61160219B0E3200D10A09 /* Main.storyboard */,
			);
			path = Views;
			sourceTree = "<group>";
		};
		D9C1ECF921A1AE2400FFA698 /* Supporting Files */ = {
			isa = PBXGroup;
			children = (
				D9F61163219B0E3200D10A09 /* Assets.xcassets */,
				D9F61165219B0E3200D10A09 /* LaunchScreen.storyboard */,
			);
			path = "Supporting Files";
			sourceTree = "<group>";
		};
		D9F61150219B0E3200D10A09 = {
			isa = PBXGroup;
			children = (
				D9F6115B219B0E3200D10A09 /* Todoey */,
				D9F6115A219B0E3200D10A09 /* Products */,
			);
			sourceTree = "<group>";
		};
		D9F6115A219B0E3200D10A09 /* Products */ = {
			isa = PBXGroup;
			children = (
				D9F61159219B0E3200D10A09 /* Todoey.app */,
			);
			name = Products;
			sourceTree = "<group>";
		};
		D9F6115B219B0E3200D10A09 /* Todoey */ = {
			isa = PBXGroup;
			children = (
				D9F6115C219B0E3200D10A09 /* AppDelegate.swift */,
				D9C1ECF621A1A35B00FFA698 /* Data Model */,
				D9C1ECF821A1AE1B00FFA698 /* Views */,
				D9C1ECF721A1ADD200FFA698 /* Controllers */,
				D9C1ECF921A1AE2400FFA698 /* Supporting Files */,
				D9F61168219B0E3200D10A09 /* Info.plist */,
			);
			path = Todoey;
			sourceTree = "<group>";
		};
/* End PBXGroup section */

/* Begin PBXNativeTarget section */
		D9F61158219B0E3200D10A09 /* Todoey */ = {
			isa = PBXNativeTarget;
			buildConfigurationList = D9F6116B219B0E3200D10A09 /* Build configuration list for PBXNativeTarget "Todoey" */;
			buildPhases = (
				D9F61155219B0E3200D10A09 /* Sources */,
				D9F61156219B0E3200D10A09 /* Frameworks */,
				D9F61157219B0E3200D10A09 /* Resources */,
			);
			buildRules = (
			);
			dependencies = (
			);
			name = Todoey;
			productName = Todoey;
			productReference = D9F61159219B0E3200D10A09 /* Todoey.app */;
			productType = "com.apple.product-type.application";
		};
/* End PBXNativeTarget section */

/* Begin PBXProject section */
		D9F61151219B0E3200D10A09 /* Project object */ = {
			isa = PBXProject;
			attributes = {
				LastSwiftUpdateCheck = 0910;
				LastUpgradeCheck = 0910;
				ORGANIZATIONNAME = "Media Utama";
				TargetAttributes = {
					D9F61158219B0E3200D10A09 = {
						CreatedOnToolsVersion = 9.1;
						ProvisioningStyle = Automatic;
					};
				};
			};
			buildConfigurationList = D9F61154219B0E3200D10A09 /* Build configuration list for PBXProject "Todoey" */;
			compatibilityVersion = "Xcode 8.0";
			developmentRegion = en;
			hasScannedForEncodings = 0;
			knownRegions = (
				en,
				Base,
			);
			mainGroup = D9F61150219B0E3200D10A09;
			productRefGroup = D9F6115A219B0E3200D10A09 /* Products */;
			projectDirPath = "";
			projectRoot = "";
			targets = (
				D9F61158219B0E3200D10A09 /* Todoey */,
			);
		};
/* End PBXProject section */

/* Begin PBXResourcesBuildPhase section */
		D9F61157219B0E3200D10A09 /* Resources */ = {
			isa = PBXResourcesBuildPhase;
			buildActionMask = 2147483647;
			files = (
				D9F61167219B0E3200D10A09 /* LaunchScreen.storyboard in Resources */,
				D9F61164219B0E3200D10A09 /* Assets.xcassets in Resources */,
				D9F61162219B0E3200D10A09 /* Main.storyboard in Resources */,
			);
			runOnlyForDeploymentPostprocessing = 0;
		};
/* End PBXResourcesBuildPhase section */

/* Begin PBXSourcesBuildPhase section */
		D9F61155219B0E3200D10A09 /* Sources */ = {
			isa = PBXSourcesBuildPhase;
			buildActionMask = 2147483647;
			files = (
				D9DC116721A855C80071D485 /* CategoryViewController.swift in Sources */,
				D9F6115F219B0E3200D10A09 /* TodoListViewController.swift in Sources */,
				D97E1D0521A43FDA00A5A8E2 /* DataModel.xcdatamodeld in Sources */,
				D9F6115D219B0E3200D10A09 /* AppDelegate.swift in Sources */,
			);
			runOnlyForDeploymentPostprocessing = 0;
		};
/* End PBXSourcesBuildPhase section */

/* Begin PBXVariantGroup section */
		D9F61160219B0E3200D10A09 /* Main.storyboard */ = {
			isa = PBXVariantGroup;
			children = (
				D9F61161219B0E3200D10A09 /* Base */,
			);
			name = Main.storyboard;
			sourceTree = "<group>";
		};
		D9F61165219B0E3200D10A09 /* LaunchScreen.storyboard */ = {
			isa = PBXVariantGroup;
			children = (
				D9F61166219B0E3200D10A09 /* Base */,
			);
			name = LaunchScreen.storyboard;
			sourceTree = "<group>";
		};
/* End PBXVariantGroup section */

/* Begin XCBuildConfiguration section */
		D9F61169219B0E3200D10A09 /* Debug */ = {
			isa = XCBuildConfiguration;
			buildSettings = {
				ALWAYS_SEARCH_USER_PATHS = NO;
				CLANG_ANALYZER_NONNULL = YES;
				CLANG_ANALYZER_NUMBER_OBJECT_CONVERSION = YES_AGGRESSIVE;
				CLANG_CXX_LANGUAGE_STANDARD = "gnu++14";
				CLANG_CXX_LIBRARY = "libc++";
				CLANG_ENABLE_MODULES = YES;
				CLANG_ENABLE_OBJC_ARC = YES;
				CLANG_WARN_BLOCK_CAPTURE_AUTORELEASING = YES;
				CLANG_WARN_BOOL_CONVERSION = YES;
				CLANG_WARN_COMMA = YES;
				CLANG_WARN_CONSTANT_CONVERSION = YES;
				CLANG_WARN_DIRECT_OBJC_ISA_USAGE = YES_ERROR;
				CLANG_WARN_DOCUMENTATION_COMMENTS = YES;
				CLANG_WARN_EMPTY_BODY = YES;
				CLANG_WARN_ENUM_CONVERSION = YES;
				CLANG_WARN_INFINITE_RECURSION = YES;
				CLANG_WARN_INT_CONVERSION = YES;
				CLANG_WARN_NON_LITERAL_NULL_CONVERSION = YES;
				CLANG_WARN_OBJC_LITERAL_CONVERSION = YES;
				CLANG_WARN_OBJC_ROOT_CLASS = YES_ERROR;
				CLANG_WARN_RANGE_LOOP_ANALYSIS = YES;
				CLANG_WARN_STRICT_PROTOTYPES = YES;
				CLANG_WARN_SUSPICIOUS_MOVE = YES;
				CLANG_WARN_UNGUARDED_AVAILABILITY = YES_AGGRESSIVE;
				CLANG_WARN_UNREACHABLE_CODE = YES;
				CLANG_WARN__DUPLICATE_METHOD_MATCH = YES;
				CODE_SIGN_IDENTITY = "iPhone Developer";
				COPY_PHASE_STRIP = NO;
				DEBUG_INFORMATION_FORMAT = dwarf;
				ENABLE_STRICT_OBJC_MSGSEND = YES;
				ENABLE_TESTABILITY = YES;
				GCC_C_LANGUAGE_STANDARD = gnu11;
				GCC_DYNAMIC_NO_PIC = NO;
				GCC_NO_COMMON_BLOCKS = YES;
				GCC_OPTIMIZATION_LEVEL = 0;
				GCC_PREPROCESSOR_DEFINITIONS = (
					"DEBUG=1",
					"$(inherited)",
				);
				GCC_WARN_64_TO_32_BIT_CONVERSION = YES;
				GCC_WARN_ABOUT_RETURN_TYPE = YES_ERROR;
				GCC_WARN_UNDECLARED_SELECTOR = YES;
				GCC_WARN_UNINITIALIZED_AUTOS = YES_AGGRESSIVE;
				GCC_WARN_UNUSED_FUNCTION = YES;
				GCC_WARN_UNUSED_VARIABLE = YES;
				IPHONEOS_DEPLOYMENT_TARGET = 11.1;
				MTL_ENABLE_DEBUG_INFO = YES;
				ONLY_ACTIVE_ARCH = YES;
				SDKROOT = iphoneos;
				SWIFT_ACTIVE_COMPILATION_CONDITIONS = DEBUG;
				SWIFT_OPTIMIZATION_LEVEL = "-Onone";
			};
			name = Debug;
		};
		D9F6116A219B0E3200D10A09 /* Release */ = {
			isa = XCBuildConfiguration;
			buildSettings = {
				ALWAYS_SEARCH_USER_PATHS = NO;
				CLANG_ANALYZER_NONNULL = YES;
				CLANG_ANALYZER_NUMBER_OBJECT_CONVERSION = YES_AGGRESSIVE;
				CLANG_CXX_LANGUAGE_STANDARD = "gnu++14";
				CLANG_CXX_LIBRARY = "libc++";
				CLANG_ENABLE_MODULES = YES;
				CLANG_ENABLE_OBJC_ARC = YES;
				CLANG_WARN_BLOCK_CAPTURE_AUTORELEASING = YES;
				CLANG_WARN_BOOL_CONVERSION = YES;
				CLANG_WARN_COMMA = YES;
				CLANG_WARN_CONSTANT_CONVERSION = YES;
				CLANG_WARN_DIRECT_OBJC_ISA_USAGE = YES_ERROR;
				CLANG_WARN_DOCUMENTATION_COMMENTS = YES;
				CLANG_WARN_EMPTY_BODY = YES;
				CLANG_WARN_ENUM_CONVERSION = YES;
				CLANG_WARN_INFINITE_RECURSION = YES;
				CLANG_WARN_INT_CONVERSION = YES;
				CLANG_WARN_NON_LITERAL_NULL_CONVERSION = YES;
				CLANG_WARN_OBJC_LITERAL_CONVERSION = YES;
				CLANG_WARN_OBJC_ROOT_CLASS = YES_ERROR;
				CLANG_WARN_RANGE_LOOP_ANALYSIS = YES;
				CLANG_WARN_STRICT_PROTOTYPES = YES;
				CLANG_WARN_SUSPICIOUS_MOVE = YES;
				CLANG_WARN_UNGUARDED_AVAILABILITY = YES_AGGRESSIVE;
				CLANG_WARN_UNREACHABLE_CODE = YES;
				CLANG_WARN__DUPLICATE_METHOD_MATCH = YES;
				CODE_SIGN_IDENTITY = "iPhone Developer";
				COPY_PHASE_STRIP = NO;
				DEBUG_INFORMATION_FORMAT = "dwarf-with-dsym";
				ENABLE_NS_ASSERTIONS = NO;
				ENABLE_STRICT_OBJC_MSGSEND = YES;
				GCC_C_LANGUAGE_STANDARD = gnu11;
				GCC_NO_COMMON_BLOCKS = YES;
				GCC_WARN_64_TO_32_BIT_CONVERSION = YES;
				GCC_WARN_ABOUT_RETURN_TYPE = YES_ERROR;
				GCC_WARN_UNDECLARED_SELECTOR = YES;
				GCC_WARN_UNINITIALIZED_AUTOS = YES_AGGRESSIVE;
				GCC_WARN_UNUSED_FUNCTION = YES;
				GCC_WARN_UNUSED_VARIABLE = YES;
				IPHONEOS_DEPLOYMENT_TARGET = 11.1;
				MTL_ENABLE_DEBUG_INFO = NO;
				SDKROOT = iphoneos;
				SWIFT_OPTIMIZATION_LEVEL = "-Owholemodule";
				VALIDATE_PRODUCT = YES;
			};
			name = Release;
		};
		D9F6116C219B0E3200D10A09 /* Debug */ = {
			isa = XCBuildConfiguration;
			buildSettings = {
				ASSETCATALOG_COMPILER_APPICON_NAME = AppIcon;
				CODE_SIGN_STYLE = Automatic;
				DEVELOPMENT_TEAM = SYHD24JWG2;
				INFOPLIST_FILE = Todoey/Info.plist;
				LD_RUNPATH_SEARCH_PATHS = "$(inherited) @executable_path/Frameworks";
				PRODUCT_BUNDLE_IDENTIFIER = com.bhaktiutama.Todoey;
				PRODUCT_NAME = "$(TARGET_NAME)";
				SWIFT_VERSION = 4.0;
				TARGETED_DEVICE_FAMILY = "1,2";
			};
			name = Debug;
		};
		D9F6116D219B0E3200D10A09 /* Release */ = {
			isa = XCBuildConfiguration;
			buildSettings = {
				ASSETCATALOG_COMPILER_APPICON_NAME = AppIcon;
				CODE_SIGN_STYLE = Automatic;
				DEVELOPMENT_TEAM = SYHD24JWG2;
				INFOPLIST_FILE = Todoey/Info.plist;
				LD_RUNPATH_SEARCH_PATHS = "$(inherited) @executable_path/Frameworks";
				PRODUCT_BUNDLE_IDENTIFIER = com.bhaktiutama.Todoey;
				PRODUCT_NAME = "$(TARGET_NAME)";
				SWIFT_VERSION = 4.0;
				TARGETED_DEVICE_FAMILY = "1,2";
			};
			name = Release;
		};
/* End XCBuildConfiguration section */

/* Begin XCConfigurationList section */
		D9F61154219B0E3200D10A09 /* Build configuration list for PBXProject "Todoey" */ = {
			isa = XCConfigurationList;
			buildConfigurations = (
				D9F61169219B0E3200D10A09 /* Debug */,
				D9F6116A219B0E3200D10A09 /* Release */,
			);
			defaultConfigurationIsVisible = 0;
			defaultConfigurationName = Release;
		};
		D9F6116B219B0E3200D10A09 /* Build configuration list for PBXNativeTarget "Todoey" */ = {
			isa = XCConfigurationList;
			buildConfigurations = (
				D9F6116C219B0E3200D10A09 /* Debug */,
				D9F6116D219B0E3200D10A09 /* Release */,
			);
			defaultConfigurationIsVisible = 0;
			defaultConfigurationName = Release;
		};
/* End XCConfigurationList section */

/* Begin XCVersionGroup section */
		D97E1D0321A43FDA00A5A8E2 /* DataModel.xcdatamodeld */ = {
			isa = XCVersionGroup;
			children = (
				D97E1D0421A43FDA00A5A8E2 /* DataModel.xcdatamodel */,
			);
			currentVersion = D97E1D0421A43FDA00A5A8E2 /* DataModel.xcdatamodel */;
			path = DataModel.xcdatamodeld;
			sourceTree = "<group>";
			versionGroupType = wrapper.xcdatamodel;
		};
/* End XCVersionGroup section */
	};
	rootObject = D9F61151219B0E3200D10A09 /* Project object */;
}
